
Microsoft Visual Studio Solution File, Format Version 12.00
# Visual Studio 2013
VisualStudioVersion = 12.0.20827.3
MinimumVisualStudioVersion = 10.0.40219.1
Project("{F2A71F9B-5D33-465A-A702-920D77279786}") = "App", "src\App\App.fsproj", "{30597BE9-08F8-4832-8AB7-009C00A6A2F2}"
EndProject
Project("{FAE04EC0-301F-11D3-BF4B-00C04F79EFBC}") = "VSIX", "VSIX\VSIX.csproj", "{70642574-D4DF-49CF-B4E4-56A2670EA126}"
EndProject
Project("{F2A71F9B-5D33-465A-A702-920D77279786}") = "FsWpfEmptyTemplateWizard", "FsWpfEmptyTemplateWizard\FsWpfEmptyTemplateWizard.fsproj", "{A6A08D4F-2801-4D79-80E0-93BBFD45ABEB}"
EndProject
Global
	GlobalSection(SolutionConfigurationPlatforms) = preSolution
		Debug|Any CPU = Debug|Any CPU
		Debug|Mixed Platforms = Debug|Mixed Platforms
		Debug|x86 = Debug|x86
		Release|Any CPU = Release|Any CPU
		Release|Mixed Platforms = Release|Mixed Platforms
		Release|x86 = Release|x86
	EndGlobalSection
	GlobalSection(ProjectConfigurationPlatforms) = postSolution
		{30597BE9-08F8-4832-8AB7-009C00A6A2F2}.Debug|Any CPU.ActiveCfg = Debug|x86
		{30597BE9-08F8-4832-8AB7-009C00A6A2F2}.Debug|Mixed Platforms.ActiveCfg = Debug|x86
		{30597BE9-08F8-4832-8AB7-009C00A6A2F2}.Debug|Mixed Platforms.Build.0 = Debug|x86
		{30597BE9-08F8-4832-8AB7-009C00A6A2F2}.Debug|x86.ActiveCfg = Debug|x86
		{30597BE9-08F8-4832-8AB7-009C00A6A2F2}.Debug|x86.Build.0 = Debug|x86
		{30597BE9-08F8-4832-8AB7-009C00A6A2F2}.Release|Any CPU.ActiveCfg = Release|x86
		{30597BE9-08F8-4832-8AB7-009C00A6A2F2}.Release|Mixed Platforms.ActiveCfg = Release|x86
		{30597BE9-08F8-4832-8AB7-009C00A6A2F2}.Release|Mixed Platforms.Build.0 = Release|x86
		{30597BE9-08F8-4832-8AB7-009C00A6A2F2}.Release|x86.ActiveCfg = Release|x86
		{30597BE9-08F8-4832-8AB7-009C00A6A2F2}.Release|x86.Build.0 = Release|x86
		{70642574-D4DF-49CF-B4E4-56A2670EA126}.Debug|Any CPU.ActiveCfg = Debug|Any CPU
		{70642574-D4DF-49CF-B4E4-56A2670EA126}.Debug|Any CPU.Build.0 = Debug|Any CPU
		{70642574-D4DF-49CF-B4E4-56A2670EA126}.Debug|Mixed Platforms.ActiveCfg = Debug|Any CPU
		{70642574-D4DF-49CF-B4E4-56A2670EA126}.Debug|Mixed Platforms.Build.0 = Debug|Any CPU
		{70642574-D4DF-49CF-B4E4-56A2670EA126}.Debug|x86.ActiveCfg = Debug|Any CPU
		{70642574-D4DF-49CF-B4E4-56A2670EA126}.Release|Any CPU.ActiveCfg = Release|Any CPU
		{70642574-D4DF-49CF-B4E4-56A2670EA126}.Release|Any CPU.Build.0 = Release|Any CPU
		{70642574-D4DF-49CF-B4E4-56A2670EA126}.Release|Mixed Platforms.ActiveCfg = Release|Any CPU
		{70642574-D4DF-49CF-B4E4-56A2670EA126}.Release|Mixed Platforms.Build.0 = Release|Any CPU
		{70642574-D4DF-49CF-B4E4-56A2670EA126}.Release|x86.ActiveCfg = Release|Any CPU
		{A6A08D4F-2801-4D79-80E0-93BBFD45ABEB}.Debug|Any CPU.ActiveCfg = Debug|Any CPU
		{A6A08D4F-2801-4D79-80E0-93BBFD45ABEB}.Debug|Any CPU.Build.0 = Debug|Any CPU
		{A6A08D4F-2801-4D79-80E0-93BBFD45ABEB}.Debug|Mixed Platforms.ActiveCfg = Debug|Any CPU
		{A6A08D4F-2801-4D79-80E0-93BBFD45ABEB}.Debug|Mixed Platforms.Build.0 = Debug|Any CPU
		{A6A08D4F-2801-4D79-80E0-93BBFD45ABEB}.Debug|x86.ActiveCfg = Debug|Any CPU
		{A6A08D4F-2801-4D79-80E0-93BBFD45ABEB}.Release|Any CPU.ActiveCfg = Release|Any CPU
		{A6A08D4F-2801-4D79-80E0-93BBFD45ABEB}.Release|Any CPU.Build.0 = Release|Any CPU
		{A6A08D4F-2801-4D79-80E0-93BBFD45ABEB}.Release|Mixed Platforms.ActiveCfg = Release|Any CPU
		{A6A08D4F-2801-4D79-80E0-93BBFD45ABEB}.Release|Mixed Platforms.Build.0 = Release|Any CPU
		{A6A08D4F-2801-4D79-80E0-93BBFD45ABEB}.Release|x86.ActiveCfg = Release|Any CPU
	EndGlobalSection
	GlobalSection(SolutionProperties) = preSolution
		HideSolutionNode = FALSE
	EndGlobalSection
EndGlobal
