
Microsoft Visual Studio Solution File, Format Version 12.00
# Visual Studio 2012
Project("{2150E333-8FDC-42A3-9474-1A3956D46DE8}") = "VSIX", "VSIX", "{EC49B3CF-7A25-4EC6-9647-D9420038A960}"
EndProject
Project("{FAE04EC0-301F-11D3-BF4B-00C04F79EFBC}") = "FsMvc4VSIX", "template\FsMvc4VSIX\FsMvc4VSIX.csproj", "{CACDD7A9-D5B7-442A-A206-B53FA9BBF9D7}"
EndProject
Project("{F2A71F9B-5D33-465A-A702-920D77279786}") = "FsMvc4TemplateWizard", "template\FsMvc4TemplateWizard\FsMvc4TemplateWizard.fsproj", "{0A759734-945A-494B-AC8C-F0B9F44A70ED}"
EndProject
Project("{FAE04EC0-301F-11D3-BF4B-00C04F79EFBC}") = "FsCsMvc4Dialog", "template\FsCsMvc4Dialog\FsCsMvc4Dialog.csproj", "{9EC3CEC7-7B86-405B-BC41-0306588B693C}"
EndProject
Global
	GlobalSection(SolutionConfigurationPlatforms) = preSolution
		Debug|Any CPU = Debug|Any CPU
		Debug|Mixed Platforms = Debug|Mixed Platforms
		Debug|x86 = Debug|x86
		Release|Any CPU = Release|Any CPU
		Release|Mixed Platforms = Release|Mixed Platforms
		Release|x86 = Release|x86
	EndGlobalSection
	GlobalSection(ProjectConfigurationPlatforms) = postSolution
		{CACDD7A9-D5B7-442A-A206-B53FA9BBF9D7}.Debug|Any CPU.ActiveCfg = Debug|Any CPU
		{CACDD7A9-D5B7-442A-A206-B53FA9BBF9D7}.Debug|Any CPU.Build.0 = Debug|Any CPU
		{CACDD7A9-D5B7-442A-A206-B53FA9BBF9D7}.Debug|Mixed Platforms.ActiveCfg = Debug|Any CPU
		{CACDD7A9-D5B7-442A-A206-B53FA9BBF9D7}.Debug|Mixed Platforms.Build.0 = Debug|Any CPU
		{CACDD7A9-D5B7-442A-A206-B53FA9BBF9D7}.Debug|x86.ActiveCfg = Debug|Any CPU
		{CACDD7A9-D5B7-442A-A206-B53FA9BBF9D7}.Release|Any CPU.ActiveCfg = Release|Any CPU
		{CACDD7A9-D5B7-442A-A206-B53FA9BBF9D7}.Release|Any CPU.Build.0 = Release|Any CPU
		{CACDD7A9-D5B7-442A-A206-B53FA9BBF9D7}.Release|Mixed Platforms.ActiveCfg = Release|Any CPU
		{CACDD7A9-D5B7-442A-A206-B53FA9BBF9D7}.Release|Mixed Platforms.Build.0 = Release|Any CPU
		{CACDD7A9-D5B7-442A-A206-B53FA9BBF9D7}.Release|x86.ActiveCfg = Release|Any CPU
		{0A759734-945A-494B-AC8C-F0B9F44A70ED}.Debug|Any CPU.ActiveCfg = Debug|Any CPU
		{0A759734-945A-494B-AC8C-F0B9F44A70ED}.Debug|Any CPU.Build.0 = Debug|Any CPU
		{0A759734-945A-494B-AC8C-F0B9F44A70ED}.Debug|Mixed Platforms.ActiveCfg = Debug|Any CPU
		{0A759734-945A-494B-AC8C-F0B9F44A70ED}.Debug|Mixed Platforms.Build.0 = Debug|Any CPU
		{0A759734-945A-494B-AC8C-F0B9F44A70ED}.Debug|x86.ActiveCfg = Debug|Any CPU
		{0A759734-945A-494B-AC8C-F0B9F44A70ED}.Release|Any CPU.ActiveCfg = Release|Any CPU
		{0A759734-945A-494B-AC8C-F0B9F44A70ED}.Release|Any CPU.Build.0 = Release|Any CPU
		{0A759734-945A-494B-AC8C-F0B9F44A70ED}.Release|Mixed Platforms.ActiveCfg = Release|Any CPU
		{0A759734-945A-494B-AC8C-F0B9F44A70ED}.Release|Mixed Platforms.Build.0 = Release|Any CPU
		{0A759734-945A-494B-AC8C-F0B9F44A70ED}.Release|x86.ActiveCfg = Release|Any CPU
		{9EC3CEC7-7B86-405B-BC41-0306588B693C}.Debug|Any CPU.ActiveCfg = Debug|Any CPU
		{9EC3CEC7-7B86-405B-BC41-0306588B693C}.Debug|Any CPU.Build.0 = Debug|Any CPU
		{9EC3CEC7-7B86-405B-BC41-0306588B693C}.Debug|Mixed Platforms.ActiveCfg = Debug|Any CPU
		{9EC3CEC7-7B86-405B-BC41-0306588B693C}.Debug|Mixed Platforms.Build.0 = Debug|Any CPU
		{9EC3CEC7-7B86-405B-BC41-0306588B693C}.Debug|x86.ActiveCfg = Debug|Any CPU
		{9EC3CEC7-7B86-405B-BC41-0306588B693C}.Release|Any CPU.ActiveCfg = Release|Any CPU
		{9EC3CEC7-7B86-405B-BC41-0306588B693C}.Release|Any CPU.Build.0 = Release|Any CPU
		{9EC3CEC7-7B86-405B-BC41-0306588B693C}.Release|Mixed Platforms.ActiveCfg = Release|Any CPU
		{9EC3CEC7-7B86-405B-BC41-0306588B693C}.Release|Mixed Platforms.Build.0 = Release|Any CPU
		{9EC3CEC7-7B86-405B-BC41-0306588B693C}.Release|x86.ActiveCfg = Release|Any CPU
	EndGlobalSection
	GlobalSection(SolutionProperties) = preSolution
		HideSolutionNode = FALSE
	EndGlobalSection
	GlobalSection(NestedProjects) = preSolution
		{CACDD7A9-D5B7-442A-A206-B53FA9BBF9D7} = {EC49B3CF-7A25-4EC6-9647-D9420038A960}
		{0A759734-945A-494B-AC8C-F0B9F44A70ED} = {EC49B3CF-7A25-4EC6-9647-D9420038A960}
		{9EC3CEC7-7B86-405B-BC41-0306588B693C} = {EC49B3CF-7A25-4EC6-9647-D9420038A960}
	EndGlobalSection
EndGlobal
