
Microsoft Visual Studio Solution File, Format Version 12.00
# Visual Studio 2013
VisualStudioVersion = 12.0.21005.1
MinimumVisualStudioVersion = 10.0.40219.1
Project("{F2A71F9B-5D33-465A-A702-920D77279786}") = "MultiProjectTemplateWizard", "MultiProjectTemplateWizard\MultiProjectTemplateWizard.fsproj", "{0A759734-945A-494B-AC8C-F0B9F44A70ED}"
EndProject
Project("{FAE04EC0-301F-11D3-BF4B-00C04F79EFBC}") = "MultiProjectDialog", "MultiProjectDialog\MultiProjectDialog.csproj", "{9EC3CEC7-7B86-405B-BC41-0306588B693C}"
EndProject
Global
	GlobalSection(SolutionConfigurationPlatforms) = preSolution
		Debug|Any CPU = Debug|Any CPU
		Release|Any CPU = Release|Any CPU
	EndGlobalSection
	GlobalSection(ProjectConfigurationPlatforms) = postSolution
		{0A759734-945A-494B-AC8C-F0B9F44A70ED}.Debug|Any CPU.ActiveCfg = Debug|Any CPU
		{0A759734-945A-494B-AC8C-F0B9F44A70ED}.Debug|Any CPU.Build.0 = Debug|Any CPU
		{0A759734-945A-494B-AC8C-F0B9F44A70ED}.Release|Any CPU.ActiveCfg = Release|Any CPU
		{0A759734-945A-494B-AC8C-F0B9F44A70ED}.Release|Any CPU.Build.0 = Release|Any CPU
		{9EC3CEC7-7B86-405B-BC41-0306588B693C}.Debug|Any CPU.ActiveCfg = Debug|Any CPU
		{9EC3CEC7-7B86-405B-BC41-0306588B693C}.Debug|Any CPU.Build.0 = Debug|Any CPU
		{9EC3CEC7-7B86-405B-BC41-0306588B693C}.Release|Any CPU.ActiveCfg = Release|Any CPU
		{9EC3CEC7-7B86-405B-BC41-0306588B693C}.Release|Any CPU.Build.0 = Release|Any CPU
	EndGlobalSection
	GlobalSection(SolutionProperties) = preSolution
		HideSolutionNode = FALSE
	EndGlobalSection
EndGlobal
